
Microsoft Visual Studio Solution File, Format Version 12.00
# Visual Studio 15
VisualStudioVersion = 15.0.28307.489
MinimumVisualStudioVersion = 10.0.40219.1
Project("{FAE04EC0-301F-11D3-BF4B-00C04F79EFBC}") = "RetroGamesGo.Android", "RetroGamesGo\RetroGamesGo.Android\RetroGamesGo.Android.csproj", "{9576DA3F-2A97-4D9E-820A-6EFE63309C9F}"
EndProject
Project("{FAE04EC0-301F-11D3-BF4B-00C04F79EFBC}") = "RetroGamesGo.iOS", "RetroGamesGo\RetroGamesGo.iOS\RetroGamesGo.iOS.csproj", "{CC7ABDA7-1FC1-4125-A73C-E66B24B380D1}"
EndProject
Project("{FAE04EC0-301F-11D3-BF4B-00C04F79EFBC}") = "RetroGamesGo", "RetroGamesGo\RetroGamesGo\RetroGamesGo.csproj", "{7C19AC71-7267-4ED6-9D62-6304C86DDEDD}"
EndProject
Global
	GlobalSection(SolutionConfigurationPlatforms) = preSolution
		Ad-Hoc|Any CPU = Ad-Hoc|Any CPU
		Ad-Hoc|iPhone = Ad-Hoc|iPhone
		Ad-Hoc|iPhoneSimulator = Ad-Hoc|iPhoneSimulator
		AppStore|Any CPU = AppStore|Any CPU
		AppStore|iPhone = AppStore|iPhone
		AppStore|iPhoneSimulator = AppStore|iPhoneSimulator
		Debug|Any CPU = Debug|Any CPU
		Debug|iPhone = Debug|iPhone
		Debug|iPhoneSimulator = Debug|iPhoneSimulator
		Release|Any CPU = Release|Any CPU
		Release|iPhone = Release|iPhone
		Release|iPhoneSimulator = Release|iPhoneSimulator
	EndGlobalSection
	GlobalSection(ProjectConfigurationPlatforms) = postSolution
		{9576DA3F-2A97-4D9E-820A-6EFE63309C9F}.Ad-Hoc|Any CPU.ActiveCfg = Release|Any CPU
		{9576DA3F-2A97-4D9E-820A-6EFE63309C9F}.Ad-Hoc|Any CPU.Build.0 = Release|Any CPU
		{9576DA3F-2A97-4D9E-820A-6EFE63309C9F}.Ad-Hoc|Any CPU.Deploy.0 = Release|Any CPU
		{9576DA3F-2A97-4D9E-820A-6EFE63309C9F}.Ad-Hoc|iPhone.ActiveCfg = Release|Any CPU
		{9576DA3F-2A97-4D9E-820A-6EFE63309C9F}.Ad-Hoc|iPhone.Build.0 = Release|Any CPU
		{9576DA3F-2A97-4D9E-820A-6EFE63309C9F}.Ad-Hoc|iPhone.Deploy.0 = Release|Any CPU
		{9576DA3F-2A97-4D9E-820A-6EFE63309C9F}.Ad-Hoc|iPhoneSimulator.ActiveCfg = Release|Any CPU
		{9576DA3F-2A97-4D9E-820A-6EFE63309C9F}.Ad-Hoc|iPhoneSimulator.Build.0 = Release|Any CPU
		{9576DA3F-2A97-4D9E-820A-6EFE63309C9F}.Ad-Hoc|iPhoneSimulator.Deploy.0 = Release|Any CPU
		{9576DA3F-2A97-4D9E-820A-6EFE63309C9F}.AppStore|Any CPU.ActiveCfg = Release|Any CPU
		{9576DA3F-2A97-4D9E-820A-6EFE63309C9F}.AppStore|Any CPU.Build.0 = Release|Any CPU
		{9576DA3F-2A97-4D9E-820A-6EFE63309C9F}.AppStore|Any CPU.Deploy.0 = Release|Any CPU
		{9576DA3F-2A97-4D9E-820A-6EFE63309C9F}.AppStore|iPhone.ActiveCfg = Release|Any CPU
		{9576DA3F-2A97-4D9E-820A-6EFE63309C9F}.AppStore|iPhone.Build.0 = Release|Any CPU
		{9576DA3F-2A97-4D9E-820A-6EFE63309C9F}.AppStore|iPhone.Deploy.0 = Release|Any CPU
		{9576DA3F-2A97-4D9E-820A-6EFE63309C9F}.AppStore|iPhoneSimulator.ActiveCfg = Release|Any CPU
		{9576DA3F-2A97-4D9E-820A-6EFE63309C9F}.AppStore|iPhoneSimulator.Build.0 = Release|Any CPU
		{9576DA3F-2A97-4D9E-820A-6EFE63309C9F}.AppStore|iPhoneSimulator.Deploy.0 = Release|Any CPU
		{9576DA3F-2A97-4D9E-820A-6EFE63309C9F}.Debug|Any CPU.ActiveCfg = Debug|Any CPU
		{9576DA3F-2A97-4D9E-820A-6EFE63309C9F}.Debug|Any CPU.Build.0 = Debug|Any CPU
		{9576DA3F-2A97-4D9E-820A-6EFE63309C9F}.Debug|Any CPU.Deploy.0 = Debug|Any CPU
		{9576DA3F-2A97-4D9E-820A-6EFE63309C9F}.Debug|iPhone.ActiveCfg = Debug|Any CPU
		{9576DA3F-2A97-4D9E-820A-6EFE63309C9F}.Debug|iPhone.Build.0 = Debug|Any CPU
		{9576DA3F-2A97-4D9E-820A-6EFE63309C9F}.Debug|iPhone.Deploy.0 = Debug|Any CPU
		{9576DA3F-2A97-4D9E-820A-6EFE63309C9F}.Debug|iPhoneSimulator.ActiveCfg = Debug|Any CPU
		{9576DA3F-2A97-4D9E-820A-6EFE63309C9F}.Debug|iPhoneSimulator.Build.0 = Debug|Any CPU
		{9576DA3F-2A97-4D9E-820A-6EFE63309C9F}.Debug|iPhoneSimulator.Deploy.0 = Debug|Any CPU
		{9576DA3F-2A97-4D9E-820A-6EFE63309C9F}.Release|Any CPU.ActiveCfg = Release|Any CPU
		{9576DA3F-2A97-4D9E-820A-6EFE63309C9F}.Release|Any CPU.Build.0 = Release|Any CPU
		{9576DA3F-2A97-4D9E-820A-6EFE63309C9F}.Release|Any CPU.Deploy.0 = Release|Any CPU
		{9576DA3F-2A97-4D9E-820A-6EFE63309C9F}.Release|iPhone.ActiveCfg = Release|Any CPU
		{9576DA3F-2A97-4D9E-820A-6EFE63309C9F}.Release|iPhone.Build.0 = Release|Any CPU
		{9576DA3F-2A97-4D9E-820A-6EFE63309C9F}.Release|iPhone.Deploy.0 = Release|Any CPU
		{9576DA3F-2A97-4D9E-820A-6EFE63309C9F}.Release|iPhoneSimulator.ActiveCfg = Release|Any CPU
		{9576DA3F-2A97-4D9E-820A-6EFE63309C9F}.Release|iPhoneSimulator.Build.0 = Release|Any CPU
		{9576DA3F-2A97-4D9E-820A-6EFE63309C9F}.Release|iPhoneSimulator.Deploy.0 = Release|Any CPU
		{CC7ABDA7-1FC1-4125-A73C-E66B24B380D1}.Ad-Hoc|Any CPU.ActiveCfg = Ad-Hoc|iPhone
		{CC7ABDA7-1FC1-4125-A73C-E66B24B380D1}.Ad-Hoc|Any CPU.Build.0 = Ad-Hoc|iPhone
		{CC7ABDA7-1FC1-4125-A73C-E66B24B380D1}.Ad-Hoc|Any CPU.Deploy.0 = Ad-Hoc|iPhone
		{CC7ABDA7-1FC1-4125-A73C-E66B24B380D1}.Ad-Hoc|iPhone.ActiveCfg = Ad-Hoc|iPhone
		{CC7ABDA7-1FC1-4125-A73C-E66B24B380D1}.Ad-Hoc|iPhone.Build.0 = Ad-Hoc|iPhone
		{CC7ABDA7-1FC1-4125-A73C-E66B24B380D1}.Ad-Hoc|iPhone.Deploy.0 = Ad-Hoc|iPhone
		{CC7ABDA7-1FC1-4125-A73C-E66B24B380D1}.Ad-Hoc|iPhoneSimulator.ActiveCfg = Ad-Hoc|iPhoneSimulator
		{CC7ABDA7-1FC1-4125-A73C-E66B24B380D1}.Ad-Hoc|iPhoneSimulator.Build.0 = Ad-Hoc|iPhoneSimulator
		{CC7ABDA7-1FC1-4125-A73C-E66B24B380D1}.Ad-Hoc|iPhoneSimulator.Deploy.0 = Ad-Hoc|iPhoneSimulator
		{CC7ABDA7-1FC1-4125-A73C-E66B24B380D1}.AppStore|Any CPU.ActiveCfg = AppStore|iPhone
		{CC7ABDA7-1FC1-4125-A73C-E66B24B380D1}.AppStore|Any CPU.Build.0 = AppStore|iPhone
		{CC7ABDA7-1FC1-4125-A73C-E66B24B380D1}.AppStore|Any CPU.Deploy.0 = AppStore|iPhone
		{CC7ABDA7-1FC1-4125-A73C-E66B24B380D1}.AppStore|iPhone.ActiveCfg = AppStore|iPhone
		{CC7ABDA7-1FC1-4125-A73C-E66B24B380D1}.AppStore|iPhone.Build.0 = AppStore|iPhone
		{CC7ABDA7-1FC1-4125-A73C-E66B24B380D1}.AppStore|iPhone.Deploy.0 = AppStore|iPhone
		{CC7ABDA7-1FC1-4125-A73C-E66B24B380D1}.AppStore|iPhoneSimulator.ActiveCfg = AppStore|iPhoneSimulator
		{CC7ABDA7-1FC1-4125-A73C-E66B24B380D1}.AppStore|iPhoneSimulator.Build.0 = AppStore|iPhoneSimulator
		{CC7ABDA7-1FC1-4125-A73C-E66B24B380D1}.AppStore|iPhoneSimulator.Deploy.0 = AppStore|iPhoneSimulator
		{CC7ABDA7-1FC1-4125-A73C-E66B24B380D1}.Debug|Any CPU.ActiveCfg = Debug|iPhoneSimulator
		{CC7ABDA7-1FC1-4125-A73C-E66B24B380D1}.Debug|Any CPU.Build.0 = Debug|iPhoneSimulator
		{CC7ABDA7-1FC1-4125-A73C-E66B24B380D1}.Debug|Any CPU.Deploy.0 = Debug|iPhoneSimulator
		{CC7ABDA7-1FC1-4125-A73C-E66B24B380D1}.Debug|iPhone.ActiveCfg = Debug|iPhone
		{CC7ABDA7-1FC1-4125-A73C-E66B24B380D1}.Debug|iPhone.Build.0 = Debug|iPhone
		{CC7ABDA7-1FC1-4125-A73C-E66B24B380D1}.Debug|iPhone.Deploy.0 = Debug|iPhone
		{CC7ABDA7-1FC1-4125-A73C-E66B24B380D1}.Debug|iPhoneSimulator.ActiveCfg = Debug|iPhoneSimulator
		{CC7ABDA7-1FC1-4125-A73C-E66B24B380D1}.Debug|iPhoneSimulator.Build.0 = Debug|iPhoneSimulator
		{CC7ABDA7-1FC1-4125-A73C-E66B24B380D1}.Debug|iPhoneSimulator.Deploy.0 = Debug|iPhoneSimulator
		{CC7ABDA7-1FC1-4125-A73C-E66B24B380D1}.Release|Any CPU.ActiveCfg = Release|iPhone
		{CC7ABDA7-1FC1-4125-A73C-E66B24B380D1}.Release|Any CPU.Build.0 = Release|iPhone
		{CC7ABDA7-1FC1-4125-A73C-E66B24B380D1}.Release|Any CPU.Deploy.0 = Release|iPhone
		{CC7ABDA7-1FC1-4125-A73C-E66B24B380D1}.Release|iPhone.ActiveCfg = Release|iPhone
		{CC7ABDA7-1FC1-4125-A73C-E66B24B380D1}.Release|iPhone.Build.0 = Release|iPhone
		{CC7ABDA7-1FC1-4125-A73C-E66B24B380D1}.Release|iPhone.Deploy.0 = Release|iPhone
		{CC7ABDA7-1FC1-4125-A73C-E66B24B380D1}.Release|iPhoneSimulator.ActiveCfg = Release|iPhoneSimulator
		{CC7ABDA7-1FC1-4125-A73C-E66B24B380D1}.Release|iPhoneSimulator.Build.0 = Release|iPhoneSimulator
		{CC7ABDA7-1FC1-4125-A73C-E66B24B380D1}.Release|iPhoneSimulator.Deploy.0 = Release|iPhoneSimulator
		{7C19AC71-7267-4ED6-9D62-6304C86DDEDD}.Ad-Hoc|Any CPU.ActiveCfg = Debug|Any CPU
		{7C19AC71-7267-4ED6-9D62-6304C86DDEDD}.Ad-Hoc|Any CPU.Build.0 = Debug|Any CPU
		{7C19AC71-7267-4ED6-9D62-6304C86DDEDD}.Ad-Hoc|Any CPU.Deploy.0 = Debug|Any CPU
		{7C19AC71-7267-4ED6-9D62-6304C86DDEDD}.Ad-Hoc|iPhone.ActiveCfg = Debug|Any CPU
		{7C19AC71-7267-4ED6-9D62-6304C86DDEDD}.Ad-Hoc|iPhone.Build.0 = Debug|Any CPU
		{7C19AC71-7267-4ED6-9D62-6304C86DDEDD}.Ad-Hoc|iPhone.Deploy.0 = Debug|Any CPU
		{7C19AC71-7267-4ED6-9D62-6304C86DDEDD}.Ad-Hoc|iPhoneSimulator.ActiveCfg = Debug|Any CPU
		{7C19AC71-7267-4ED6-9D62-6304C86DDEDD}.Ad-Hoc|iPhoneSimulator.Build.0 = Debug|Any CPU
		{7C19AC71-7267-4ED6-9D62-6304C86DDEDD}.Ad-Hoc|iPhoneSimulator.Deploy.0 = Debug|Any CPU
		{7C19AC71-7267-4ED6-9D62-6304C86DDEDD}.AppStore|Any CPU.ActiveCfg = Debug|Any CPU
		{7C19AC71-7267-4ED6-9D62-6304C86DDEDD}.AppStore|Any CPU.Build.0 = Debug|Any CPU
		{7C19AC71-7267-4ED6-9D62-6304C86DDEDD}.AppStore|Any CPU.Deploy.0 = Debug|Any CPU
		{7C19AC71-7267-4ED6-9D62-6304C86DDEDD}.AppStore|iPhone.ActiveCfg = Debug|Any CPU
		{7C19AC71-7267-4ED6-9D62-6304C86DDEDD}.AppStore|iPhone.Build.0 = Debug|Any CPU
		{7C19AC71-7267-4ED6-9D62-6304C86DDEDD}.AppStore|iPhone.Deploy.0 = Debug|Any CPU
		{7C19AC71-7267-4ED6-9D62-6304C86DDEDD}.AppStore|iPhoneSimulator.ActiveCfg = Debug|Any CPU
		{7C19AC71-7267-4ED6-9D62-6304C86DDEDD}.AppStore|iPhoneSimulator.Build.0 = Debug|Any CPU
		{7C19AC71-7267-4ED6-9D62-6304C86DDEDD}.AppStore|iPhoneSimulator.Deploy.0 = Debug|Any CPU
		{7C19AC71-7267-4ED6-9D62-6304C86DDEDD}.Debug|Any CPU.ActiveCfg = Debug|Any CPU
		{7C19AC71-7267-4ED6-9D62-6304C86DDEDD}.Debug|Any CPU.Build.0 = Debug|Any CPU
		{7C19AC71-7267-4ED6-9D62-6304C86DDEDD}.Debug|Any CPU.Deploy.0 = Debug|Any CPU
		{7C19AC71-7267-4ED6-9D62-6304C86DDEDD}.Debug|iPhone.ActiveCfg = Debug|Any CPU
		{7C19AC71-7267-4ED6-9D62-6304C86DDEDD}.Debug|iPhone.Build.0 = Debug|Any CPU
		{7C19AC71-7267-4ED6-9D62-6304C86DDEDD}.Debug|iPhone.Deploy.0 = Debug|Any CPU
		{7C19AC71-7267-4ED6-9D62-6304C86DDEDD}.Debug|iPhoneSimulator.ActiveCfg = Debug|Any CPU
		{7C19AC71-7267-4ED6-9D62-6304C86DDEDD}.Debug|iPhoneSimulator.Build.0 = Debug|Any CPU
		{7C19AC71-7267-4ED6-9D62-6304C86DDEDD}.Debug|iPhoneSimulator.Deploy.0 = Debug|Any CPU
		{7C19AC71-7267-4ED6-9D62-6304C86DDEDD}.Release|Any CPU.ActiveCfg = Release|Any CPU
		{7C19AC71-7267-4ED6-9D62-6304C86DDEDD}.Release|Any CPU.Build.0 = Release|Any CPU
		{7C19AC71-7267-4ED6-9D62-6304C86DDEDD}.Release|Any CPU.Deploy.0 = Release|Any CPU
		{7C19AC71-7267-4ED6-9D62-6304C86DDEDD}.Release|iPhone.ActiveCfg = Release|Any CPU
		{7C19AC71-7267-4ED6-9D62-6304C86DDEDD}.Release|iPhone.Build.0 = Release|Any CPU
		{7C19AC71-7267-4ED6-9D62-6304C86DDEDD}.Release|iPhone.Deploy.0 = Release|Any CPU
		{7C19AC71-7267-4ED6-9D62-6304C86DDEDD}.Release|iPhoneSimulator.ActiveCfg = Release|Any CPU
		{7C19AC71-7267-4ED6-9D62-6304C86DDEDD}.Release|iPhoneSimulator.Build.0 = Release|Any CPU
		{7C19AC71-7267-4ED6-9D62-6304C86DDEDD}.Release|iPhoneSimulator.Deploy.0 = Release|Any CPU
	EndGlobalSection
	GlobalSection(SolutionProperties) = preSolution
		HideSolutionNode = FALSE
	EndGlobalSection
	GlobalSection(ExtensibilityGlobals) = postSolution
		SolutionGuid = {58500C1F-3BB9-415F-B992-5862FDC5F0E0}
	EndGlobalSection
EndGlobal
